
Microsoft Visual Studio Solution File, Format Version 12.00
# Visual Studio Version 17
VisualStudioVersion = 17.14.36623.8 d17.14
MinimumVisualStudioVersion = 10.0.40219.1
Project("{FAE04EC0-301F-11D3-BF4B-00C04F79EFBC}") = "JWT_ELMS", "JWT_ELMS\JWT_ELMS.csproj", "{6730EA8D-8338-454D-BF43-991B6BC45851}"
EndProject
Project("{FAE04EC0-301F-11D3-BF4B-00C04F79EFBC}") = "JWT_ELMS.Data", "JWT_ELMS.Data\JWT_ELMS.Data.csproj", "{1108D2D4-920B-46BD-AB52-2BAA1E416B49}"
EndProject
Project("{FAE04EC0-301F-11D3-BF4B-00C04F79EFBC}") = "JWT_ELMS.Application", "JWT_ELMS.Application\JWT_ELMS.Application.csproj", "{D29631AA-6EB3-4152-89F9-7061D9ACB20D}"
EndProject
Global
	GlobalSection(SolutionConfigurationPlatforms) = preSolution
		Debug|Any CPU = Debug|Any CPU
		Release|Any CPU = Release|Any CPU
	EndGlobalSection
	GlobalSection(ProjectConfigurationPlatforms) = postSolution
		{6730EA8D-8338-454D-BF43-991B6BC45851}.Debug|Any CPU.ActiveCfg = Debug|Any CPU
		{6730EA8D-8338-454D-BF43-991B6BC45851}.Debug|Any CPU.Build.0 = Debug|Any CPU
		{6730EA8D-8338-454D-BF43-991B6BC45851}.Release|Any CPU.ActiveCfg = Release|Any CPU
		{6730EA8D-8338-454D-BF43-991B6BC45851}.Release|Any CPU.Build.0 = Release|Any CPU
		{1108D2D4-920B-46BD-AB52-2BAA1E416B49}.Debug|Any CPU.ActiveCfg = Debug|Any CPU
		{1108D2D4-920B-46BD-AB52-2BAA1E416B49}.Debug|Any CPU.Build.0 = Debug|Any CPU
		{1108D2D4-920B-46BD-AB52-2BAA1E416B49}.Release|Any CPU.ActiveCfg = Release|Any CPU
		{1108D2D4-920B-46BD-AB52-2BAA1E416B49}.Release|Any CPU.Build.0 = Release|Any CPU
		{D29631AA-6EB3-4152-89F9-7061D9ACB20D}.Debug|Any CPU.ActiveCfg = Debug|Any CPU
		{D29631AA-6EB3-4152-89F9-7061D9ACB20D}.Debug|Any CPU.Build.0 = Debug|Any CPU
		{D29631AA-6EB3-4152-89F9-7061D9ACB20D}.Release|Any CPU.ActiveCfg = Release|Any CPU
		{D29631AA-6EB3-4152-89F9-7061D9ACB20D}.Release|Any CPU.Build.0 = Release|Any CPU
	EndGlobalSection
	GlobalSection(SolutionProperties) = preSolution
		HideSolutionNode = FALSE
	EndGlobalSection
	GlobalSection(ExtensibilityGlobals) = postSolution
		SolutionGuid = {CB4E0EB4-4EAA-4155-BD89-48A9C13A1341}
	EndGlobalSection
EndGlobal
